
Microsoft Visual Studio Solution File, Format Version 12.00
# Visual Studio Version 16
VisualStudioVersion = 16.0.31515.178
MinimumVisualStudioVersion = 10.0.40219.1
Project("{FAE04EC0-301F-11D3-BF4B-00C04F79EFBC}") = "TropicalClock", "TropicalClock\TropicalClock.csproj", "{5F2CEF9F-B43F-4B07-BC2C-2182733688CA}"
EndProject
Global
	GlobalSection(SolutionConfigurationPlatforms) = preSolution
		Debug|Any CPU = Debug|Any CPU
		Release|Any CPU = Release|Any CPU
	EndGlobalSection
	GlobalSection(ProjectConfigurationPlatforms) = postSolution
		{5F2CEF9F-B43F-4B07-BC2C-2182733688CA}.Debug|Any CPU.ActiveCfg = Debug|Any CPU
		{5F2CEF9F-B43F-4B07-BC2C-2182733688CA}.Debug|Any CPU.Build.0 = Debug|Any CPU
		{5F2CEF9F-B43F-4B07-BC2C-2182733688CA}.Release|Any CPU.ActiveCfg = Release|Any CPU
		{5F2CEF9F-B43F-4B07-BC2C-2182733688CA}.Release|Any CPU.Build.0 = Release|Any CPU
	EndGlobalSection
	GlobalSection(SolutionProperties) = preSolution
		HideSolutionNode = FALSE
	EndGlobalSection
	GlobalSection(ExtensibilityGlobals) = postSolution
		SolutionGuid = {E08B3125-8403-4F02-AC7E-C1E827040D74}
	EndGlobalSection
EndGlobal
